// !$*UTF8*$!
{
	archiveVersion = 1;
	classes = {
	};
	objectVersion = 50;
	objects = {

/* Begin PBXBuildFile section */
		7A07827822D9F53F0046B0B5 /* CanvasViewController.m in Sources */ = {isa = PBXBuildFile; fileRef = 7A07827622D9F53F0046B0B5 /* CanvasViewController.m */; };
		7A07827922D9F53F0046B0B5 /* CanvasViewController.xib in Resources */ = {isa = PBXBuildFile; fileRef = 7A07827722D9F53F0046B0B5 /* CanvasViewController.xib */; };
		7A07827D22D9F74E0046B0B5 /* Paint.m in Sources */ = {isa = PBXBuildFile; fileRef = 7A07827C22D9F74E0046B0B5 /* Paint.m */; };
		7A07828022D9F79E0046B0B5 /* PaintView.m in Sources */ = {isa = PBXBuildFile; fileRef = 7A07827F22D9F79E0046B0B5 /* PaintView.m */; };
		7A07828322D9F8220046B0B5 /* CoordinatorViewController.m in Sources */ = {isa = PBXBuildFile; fileRef = 7A07828222D9F8220046B0B5 /* CoordinatorViewController.m */; };
		F8A01B3E22DA39E000775C92 /* ImagesComparator.m in Sources */ = {isa = PBXBuildFile; fileRef = F8A01B3C22DA39DF00775C92 /* ImagesComparator.m */; };
		F8A01B5722DA70E900775C92 /* KnobGestureRecognizer.m in Sources */ = {isa = PBXBuildFile; fileRef = F8A01B4D22DA70E800775C92 /* KnobGestureRecognizer.m */; };
		F8A01B5822DA70E900775C92 /* Drawings.m in Sources */ = {isa = PBXBuildFile; fileRef = F8A01B4E22DA70E800775C92 /* Drawings.m */; };
		F8A01B5922DA70E900775C92 /* DrawingData.m in Sources */ = {isa = PBXBuildFile; fileRef = F8A01B5022DA70E800775C92 /* DrawingData.m */; };
		F8A01B5A22DA70E900775C92 /* KnobRender.m in Sources */ = {isa = PBXBuildFile; fileRef = F8A01B5322DA70E800775C92 /* KnobRender.m */; };
		F8A01B5B22DA70E900775C92 /* KnobView.m in Sources */ = {isa = PBXBuildFile; fileRef = F8A01B5522DA70E900775C92 /* KnobView.m */; };
		F8AB676322D92ABD00C9D954 /* AppDelegate.m in Sources */ = {isa = PBXBuildFile; fileRef = F8AB676222D92ABD00C9D954 /* AppDelegate.m */; };
		F8AB676622D92ABD00C9D954 /* MenuViewController.m in Sources */ = {isa = PBXBuildFile; fileRef = F8AB676522D92ABD00C9D954 /* MenuViewController.m */; };
		F8AB676B22D92ABF00C9D954 /* Assets.xcassets in Resources */ = {isa = PBXBuildFile; fileRef = F8AB676A22D92ABF00C9D954 /* Assets.xcassets */; };
		F8AB677122D92ABF00C9D954 /* main.m in Sources */ = {isa = PBXBuildFile; fileRef = F8AB677022D92ABF00C9D954 /* main.m */; };
		F8AB677B22D92AC000C9D954 /* etchAsketchTests.m in Sources */ = {isa = PBXBuildFile; fileRef = F8AB677A22D92AC000C9D954 /* etchAsketchTests.m */; };
		F8AB678622D92AC000C9D954 /* etchAsketchUITests.m in Sources */ = {isa = PBXBuildFile; fileRef = F8AB678522D92AC000C9D954 /* etchAsketchUITests.m */; };
		F8AB679522D9509400C9D954 /* GalleryViewController.m in Sources */ = {isa = PBXBuildFile; fileRef = F8AB679422D9509400C9D954 /* GalleryViewController.m */; };
		F8AB679822D950CF00C9D954 /* EditViewController.m in Sources */ = {isa = PBXBuildFile; fileRef = F8AB679722D950CF00C9D954 /* EditViewController.m */; };
		F8AB679C22D9AE7000C9D954 /* PagesChildViewController.m in Sources */ = {isa = PBXBuildFile; fileRef = F8AB679B22D9AE7000C9D954 /* PagesChildViewController.m */; };
		F8AB679F22D9AE8400C9D954 /* PagesViewController.m in Sources */ = {isa = PBXBuildFile; fileRef = F8AB679E22D9AE8400C9D954 /* PagesViewController.m */; };
/* End PBXBuildFile section */

/* Begin PBXContainerItemProxy section */
		F8AB677722D92AC000C9D954 /* PBXContainerItemProxy */ = {
			isa = PBXContainerItemProxy;
			containerPortal = F8AB675622D92ABD00C9D954 /* Project object */;
			proxyType = 1;
			remoteGlobalIDString = F8AB675D22D92ABD00C9D954;
			remoteInfo = etchAsketch;
		};
		F8AB678222D92AC000C9D954 /* PBXContainerItemProxy */ = {
			isa = PBXContainerItemProxy;
			containerPortal = F8AB675622D92ABD00C9D954 /* Project object */;
			proxyType = 1;
			remoteGlobalIDString = F8AB675D22D92ABD00C9D954;
			remoteInfo = etchAsketch;
		};
/* End PBXContainerItemProxy section */

/* Begin PBXFileReference section */
		7A07827522D9F53F0046B0B5 /* CanvasViewController.h */ = {isa = PBXFileReference; lastKnownFileType = sourcecode.c.h; path = CanvasViewController.h; sourceTree = "<group>"; };
		7A07827622D9F53F0046B0B5 /* CanvasViewController.m */ = {isa = PBXFileReference; lastKnownFileType = sourcecode.c.objc; path = CanvasViewController.m; sourceTree = "<group>"; };
		7A07827722D9F53F0046B0B5 /* CanvasViewController.xib */ = {isa = PBXFileReference; lastKnownFileType = file.xib; path = CanvasViewController.xib; sourceTree = "<group>"; };
		7A07827B22D9F74E0046B0B5 /* Paint.h */ = {isa = PBXFileReference; lastKnownFileType = sourcecode.c.h; path = Paint.h; sourceTree = "<group>"; };
		7A07827C22D9F74E0046B0B5 /* Paint.m */ = {isa = PBXFileReference; lastKnownFileType = sourcecode.c.objc; path = Paint.m; sourceTree = "<group>"; };
		7A07827E22D9F79E0046B0B5 /* PaintView.h */ = {isa = PBXFileReference; lastKnownFileType = sourcecode.c.h; path = PaintView.h; sourceTree = "<group>"; };
		7A07827F22D9F79E0046B0B5 /* PaintView.m */ = {isa = PBXFileReference; lastKnownFileType = sourcecode.c.objc; path = PaintView.m; sourceTree = "<group>"; };
		7A07828122D9F8220046B0B5 /* CoordinatorViewController.h */ = {isa = PBXFileReference; lastKnownFileType = sourcecode.c.h; path = CoordinatorViewController.h; sourceTree = "<group>"; };
		7A07828222D9F8220046B0B5 /* CoordinatorViewController.m */ = {isa = PBXFileReference; lastKnownFileType = sourcecode.c.objc; path = CoordinatorViewController.m; sourceTree = "<group>"; };
		F8A01B3C22DA39DF00775C92 /* ImagesComparator.m */ = {isa = PBXFileReference; fileEncoding = 4; lastKnownFileType = sourcecode.c.objc; path = ImagesComparator.m; sourceTree = "<group>"; };
		F8A01B3D22DA39DF00775C92 /* ImagesComparator.h */ = {isa = PBXFileReference; fileEncoding = 4; lastKnownFileType = sourcecode.c.h; path = ImagesComparator.h; sourceTree = "<group>"; };
		F8A01B4D22DA70E800775C92 /* KnobGestureRecognizer.m */ = {isa = PBXFileReference; fileEncoding = 4; lastKnownFileType = sourcecode.c.objc; path = KnobGestureRecognizer.m; sourceTree = "<group>"; };
		F8A01B4E22DA70E800775C92 /* Drawings.m */ = {isa = PBXFileReference; fileEncoding = 4; lastKnownFileType = sourcecode.c.objc; path = Drawings.m; sourceTree = "<group>"; };
		F8A01B4F22DA70E800775C92 /* Drawings.h */ = {isa = PBXFileReference; fileEncoding = 4; lastKnownFileType = sourcecode.c.h; path = Drawings.h; sourceTree = "<group>"; };
		F8A01B5022DA70E800775C92 /* DrawingData.m */ = {isa = PBXFileReference; fileEncoding = 4; lastKnownFileType = sourcecode.c.objc; path = DrawingData.m; sourceTree = "<group>"; };
		F8A01B5122DA70E800775C92 /* KnobGestureRecognizer.h */ = {isa = PBXFileReference; fileEncoding = 4; lastKnownFileType = sourcecode.c.h; path = KnobGestureRecognizer.h; sourceTree = "<group>"; };
		F8A01B5222DA70E800775C92 /* KnobRender.h */ = {isa = PBXFileReference; fileEncoding = 4; lastKnownFileType = sourcecode.c.h; path = KnobRender.h; sourceTree = "<group>"; };
		F8A01B5322DA70E800775C92 /* KnobRender.m */ = {isa = PBXFileReference; fileEncoding = 4; lastKnownFileType = sourcecode.c.objc; path = KnobRender.m; sourceTree = "<group>"; };
		F8A01B5422DA70E800775C92 /* KnobView.h */ = {isa = PBXFileReference; fileEncoding = 4; lastKnownFileType = sourcecode.c.h; path = KnobView.h; sourceTree = "<group>"; };
		F8A01B5522DA70E900775C92 /* KnobView.m */ = {isa = PBXFileReference; fileEncoding = 4; lastKnownFileType = sourcecode.c.objc; path = KnobView.m; sourceTree = "<group>"; };
		F8A01B5622DA70E900775C92 /* DrawingData.h */ = {isa = PBXFileReference; fileEncoding = 4; lastKnownFileType = sourcecode.c.h; path = DrawingData.h; sourceTree = "<group>"; };
		F8AB675E22D92ABD00C9D954 /* etchAsketch.app */ = {isa = PBXFileReference; explicitFileType = wrapper.application; includeInIndex = 0; path = etchAsketch.app; sourceTree = BUILT_PRODUCTS_DIR; };
		F8AB676122D92ABD00C9D954 /* AppDelegate.h */ = {isa = PBXFileReference; lastKnownFileType = sourcecode.c.h; path = AppDelegate.h; sourceTree = "<group>"; };
		F8AB676222D92ABD00C9D954 /* AppDelegate.m */ = {isa = PBXFileReference; lastKnownFileType = sourcecode.c.objc; path = AppDelegate.m; sourceTree = "<group>"; };
		F8AB676422D92ABD00C9D954 /* MenuViewController.h */ = {isa = PBXFileReference; lastKnownFileType = sourcecode.c.h; path = MenuViewController.h; sourceTree = "<group>"; };
		F8AB676522D92ABD00C9D954 /* MenuViewController.m */ = {isa = PBXFileReference; lastKnownFileType = sourcecode.c.objc; path = MenuViewController.m; sourceTree = "<group>"; };
		F8AB676A22D92ABF00C9D954 /* Assets.xcassets */ = {isa = PBXFileReference; lastKnownFileType = folder.assetcatalog; path = Assets.xcassets; sourceTree = "<group>"; };
		F8AB676F22D92ABF00C9D954 /* Info.plist */ = {isa = PBXFileReference; lastKnownFileType = text.plist.xml; path = Info.plist; sourceTree = "<group>"; };
		F8AB677022D92ABF00C9D954 /* main.m */ = {isa = PBXFileReference; lastKnownFileType = sourcecode.c.objc; path = main.m; sourceTree = "<group>"; };
		F8AB677622D92AC000C9D954 /* etchAsketchTests.xctest */ = {isa = PBXFileReference; explicitFileType = wrapper.cfbundle; includeInIndex = 0; path = etchAsketchTests.xctest; sourceTree = BUILT_PRODUCTS_DIR; };
		F8AB677A22D92AC000C9D954 /* etchAsketchTests.m */ = {isa = PBXFileReference; lastKnownFileType = sourcecode.c.objc; path = etchAsketchTests.m; sourceTree = "<group>"; };
		F8AB677C22D92AC000C9D954 /* Info.plist */ = {isa = PBXFileReference; lastKnownFileType = text.plist.xml; path = Info.plist; sourceTree = "<group>"; };
		F8AB678122D92AC000C9D954 /* etchAsketchUITests.xctest */ = {isa = PBXFileReference; explicitFileType = wrapper.cfbundle; includeInIndex = 0; path = etchAsketchUITests.xctest; sourceTree = BUILT_PRODUCTS_DIR; };
		F8AB678522D92AC000C9D954 /* etchAsketchUITests.m */ = {isa = PBXFileReference; lastKnownFileType = sourcecode.c.objc; path = etchAsketchUITests.m; sourceTree = "<group>"; };
		F8AB678722D92AC000C9D954 /* Info.plist */ = {isa = PBXFileReference; lastKnownFileType = text.plist.xml; path = Info.plist; sourceTree = "<group>"; };
		F8AB679322D9509400C9D954 /* GalleryViewController.h */ = {isa = PBXFileReference; lastKnownFileType = sourcecode.c.h; path = GalleryViewController.h; sourceTree = "<group>"; };
		F8AB679422D9509400C9D954 /* GalleryViewController.m */ = {isa = PBXFileReference; lastKnownFileType = sourcecode.c.objc; path = GalleryViewController.m; sourceTree = "<group>"; };
		F8AB679622D950CF00C9D954 /* EditViewController.h */ = {isa = PBXFileReference; lastKnownFileType = sourcecode.c.h; path = EditViewController.h; sourceTree = "<group>"; };
		F8AB679722D950CF00C9D954 /* EditViewController.m */ = {isa = PBXFileReference; lastKnownFileType = sourcecode.c.objc; path = EditViewController.m; sourceTree = "<group>"; };
		F8AB679A22D9AE7000C9D954 /* PagesChildViewController.h */ = {isa = PBXFileReference; lastKnownFileType = sourcecode.c.h; path = PagesChildViewController.h; sourceTree = "<group>"; };
		F8AB679B22D9AE7000C9D954 /* PagesChildViewController.m */ = {isa = PBXFileReference; lastKnownFileType = sourcecode.c.objc; path = PagesChildViewController.m; sourceTree = "<group>"; };
		F8AB679D22D9AE8400C9D954 /* PagesViewController.h */ = {isa = PBXFileReference; lastKnownFileType = sourcecode.c.h; path = PagesViewController.h; sourceTree = "<group>"; };
		F8AB679E22D9AE8400C9D954 /* PagesViewController.m */ = {isa = PBXFileReference; lastKnownFileType = sourcecode.c.objc; path = PagesViewController.m; sourceTree = "<group>"; };
/* End PBXFileReference section */

/* Begin PBXFrameworksBuildPhase section */
		F8AB675B22D92ABD00C9D954 /* Frameworks */ = {
			isa = PBXFrameworksBuildPhase;
			buildActionMask = 2147483647;
			files = (
			);
			runOnlyForDeploymentPostprocessing = 0;
		};
		F8AB677322D92AC000C9D954 /* Frameworks */ = {
			isa = PBXFrameworksBuildPhase;
			buildActionMask = 2147483647;
			files = (
			);
			runOnlyForDeploymentPostprocessing = 0;
		};
		F8AB677E22D92AC000C9D954 /* Frameworks */ = {
			isa = PBXFrameworksBuildPhase;
			buildActionMask = 2147483647;
			files = (
			);
			runOnlyForDeploymentPostprocessing = 0;
		};
/* End PBXFrameworksBuildPhase section */

/* Begin PBXGroup section */
		7A07827322D9F49C0046B0B5 /* View Controllers */ = {
			isa = PBXGroup;
			children = (
				7A07828422D9F8260046B0B5 /* Coordinator View Controller */,
				7A07827A22D9F54E0046B0B5 /* Canvas View Controller */,
				F8AB679922D9ADEF00C9D954 /* PageViewController */,
				7A07827422D9F4EB0046B0B5 /* MenuViewController */,
			);
			path = "View Controllers";
			sourceTree = "<group>";
		};
		7A07827422D9F4EB0046B0B5 /* MenuViewController */ = {
			isa = PBXGroup;
			children = (
				F8AB676422D92ABD00C9D954 /* MenuViewController.h */,
				F8AB676522D92ABD00C9D954 /* MenuViewController.m */,
				F8AB679322D9509400C9D954 /* GalleryViewController.h */,
				F8AB679422D9509400C9D954 /* GalleryViewController.m */,
				F8AB679622D950CF00C9D954 /* EditViewController.h */,
				F8AB679722D950CF00C9D954 /* EditViewController.m */,
			);
			path = MenuViewController;
			sourceTree = "<group>";
		};
		7A07827A22D9F54E0046B0B5 /* Canvas View Controller */ = {
			isa = PBXGroup;
			children = (
				F8A01B5622DA70E900775C92 /* DrawingData.h */,
				F8A01B5022DA70E800775C92 /* DrawingData.m */,
				F8A01B4F22DA70E800775C92 /* Drawings.h */,
				F8A01B4E22DA70E800775C92 /* Drawings.m */,
				F8A01B5122DA70E800775C92 /* KnobGestureRecognizer.h */,
				F8A01B4D22DA70E800775C92 /* KnobGestureRecognizer.m */,
				F8A01B5222DA70E800775C92 /* KnobRender.h */,
				F8A01B5322DA70E800775C92 /* KnobRender.m */,
				F8A01B5422DA70E800775C92 /* KnobView.h */,
				F8A01B5522DA70E900775C92 /* KnobView.m */,
				7A07828522D9F8D80046B0B5 /* Paint Classes */,
				7A07827522D9F53F0046B0B5 /* CanvasViewController.h */,
				7A07827622D9F53F0046B0B5 /* CanvasViewController.m */,
				7A07827722D9F53F0046B0B5 /* CanvasViewController.xib */,
			);
			path = "Canvas View Controller";
			sourceTree = "<group>";
		};
		7A07828422D9F8260046B0B5 /* Coordinator View Controller */ = {
			isa = PBXGroup;
			children = (
				7A07828122D9F8220046B0B5 /* CoordinatorViewController.h */,
				7A07828222D9F8220046B0B5 /* CoordinatorViewController.m */,
			);
			path = "Coordinator View Controller";
			sourceTree = "<group>";
		};
		7A07828522D9F8D80046B0B5 /* Paint Classes */ = {
			isa = PBXGroup;
			children = (
				7A07827B22D9F74E0046B0B5 /* Paint.h */,
				7A07827C22D9F74E0046B0B5 /* Paint.m */,
				7A07827E22D9F79E0046B0B5 /* PaintView.h */,
				7A07827F22D9F79E0046B0B5 /* PaintView.m */,
			);
			path = "Paint Classes";
			sourceTree = "<group>";
		};
		F8A01B3F22DA39EF00775C92 /* ImagesComparator */ = {
			isa = PBXGroup;
			children = (
				F8A01B3D22DA39DF00775C92 /* ImagesComparator.h */,
				F8A01B3C22DA39DF00775C92 /* ImagesComparator.m */,
			);
			path = ImagesComparator;
			sourceTree = "<group>";
		};
		F8AB675522D92ABD00C9D954 = {
			isa = PBXGroup;
			children = (
				F8AB676022D92ABD00C9D954 /* etchAsketch */,
				F8AB677922D92AC000C9D954 /* etchAsketchTests */,
				F8AB678422D92AC000C9D954 /* etchAsketchUITests */,
				F8AB675F22D92ABD00C9D954 /* Products */,
			);
			sourceTree = "<group>";
		};
		F8AB675F22D92ABD00C9D954 /* Products */ = {
			isa = PBXGroup;
			children = (
				F8AB675E22D92ABD00C9D954 /* etchAsketch.app */,
				F8AB677622D92AC000C9D954 /* etchAsketchTests.xctest */,
				F8AB678122D92AC000C9D954 /* etchAsketchUITests.xctest */,
			);
			name = Products;
			sourceTree = "<group>";
		};
		F8AB676022D92ABD00C9D954 /* etchAsketch */ = {
			isa = PBXGroup;
			children = (
				F8A01B3F22DA39EF00775C92 /* ImagesComparator */,
				F8AB676122D92ABD00C9D954 /* AppDelegate.h */,
				F8AB676222D92ABD00C9D954 /* AppDelegate.m */,
				F8AB676A22D92ABF00C9D954 /* Assets.xcassets */,
				F8AB676F22D92ABF00C9D954 /* Info.plist */,
				F8AB677022D92ABF00C9D954 /* main.m */,
				7A07827322D9F49C0046B0B5 /* View Controllers */,
			);
			path = etchAsketch;
			sourceTree = "<group>";
		};
		F8AB677922D92AC000C9D954 /* etchAsketchTests */ = {
			isa = PBXGroup;
			children = (
				F8AB677A22D92AC000C9D954 /* etchAsketchTests.m */,
				F8AB677C22D92AC000C9D954 /* Info.plist */,
			);
			path = etchAsketchTests;
			sourceTree = "<group>";
		};
		F8AB678422D92AC000C9D954 /* etchAsketchUITests */ = {
			isa = PBXGroup;
			children = (
				F8AB678522D92AC000C9D954 /* etchAsketchUITests.m */,
				F8AB678722D92AC000C9D954 /* Info.plist */,
			);
			path = etchAsketchUITests;
			sourceTree = "<group>";
		};
		F8AB679922D9ADEF00C9D954 /* PageViewController */ = {
			isa = PBXGroup;
			children = (
				F8AB679A22D9AE7000C9D954 /* PagesChildViewController.h */,
				F8AB679B22D9AE7000C9D954 /* PagesChildViewController.m */,
				F8AB679D22D9AE8400C9D954 /* PagesViewController.h */,
				F8AB679E22D9AE8400C9D954 /* PagesViewController.m */,
			);
			path = PageViewController;
			sourceTree = "<group>";
		};
/* End PBXGroup section */

/* Begin PBXNativeTarget section */
		F8AB675D22D92ABD00C9D954 /* etchAsketch */ = {
			isa = PBXNativeTarget;
			buildConfigurationList = F8AB678A22D92AC000C9D954 /* Build configuration list for PBXNativeTarget "etchAsketch" */;
			buildPhases = (
				F8AB675A22D92ABD00C9D954 /* Sources */,
				F8AB675B22D92ABD00C9D954 /* Frameworks */,
				F8AB675C22D92ABD00C9D954 /* Resources */,
			);
			buildRules = (
			);
			dependencies = (
			);
			name = etchAsketch;
			productName = etchAsketch;
			productReference = F8AB675E22D92ABD00C9D954 /* etchAsketch.app */;
			productType = "com.apple.product-type.application";
		};
		F8AB677522D92AC000C9D954 /* etchAsketchTests */ = {
			isa = PBXNativeTarget;
			buildConfigurationList = F8AB678D22D92AC000C9D954 /* Build configuration list for PBXNativeTarget "etchAsketchTests" */;
			buildPhases = (
				F8AB677222D92AC000C9D954 /* Sources */,
				F8AB677322D92AC000C9D954 /* Frameworks */,
				F8AB677422D92AC000C9D954 /* Resources */,
			);
			buildRules = (
			);
			dependencies = (
				F8AB677822D92AC000C9D954 /* PBXTargetDependency */,
			);
			name = etchAsketchTests;
			productName = etchAsketchTests;
			productReference = F8AB677622D92AC000C9D954 /* etchAsketchTests.xctest */;
			productType = "com.apple.product-type.bundle.unit-test";
		};
		F8AB678022D92AC000C9D954 /* etchAsketchUITests */ = {
			isa = PBXNativeTarget;
			buildConfigurationList = F8AB679022D92AC000C9D954 /* Build configuration list for PBXNativeTarget "etchAsketchUITests" */;
			buildPhases = (
				F8AB677D22D92AC000C9D954 /* Sources */,
				F8AB677E22D92AC000C9D954 /* Frameworks */,
				F8AB677F22D92AC000C9D954 /* Resources */,
			);
			buildRules = (
			);
			dependencies = (
				F8AB678322D92AC000C9D954 /* PBXTargetDependency */,
			);
			name = etchAsketchUITests;
			productName = etchAsketchUITests;
			productReference = F8AB678122D92AC000C9D954 /* etchAsketchUITests.xctest */;
			productType = "com.apple.product-type.bundle.ui-testing";
		};
/* End PBXNativeTarget section */

/* Begin PBXProject section */
		F8AB675622D92ABD00C9D954 /* Project object */ = {
			isa = PBXProject;
			attributes = {
				LastUpgradeCheck = 1020;
				ORGANIZATIONNAME = "Alesia Adereyko";
				TargetAttributes = {
					F8AB675D22D92ABD00C9D954 = {
						CreatedOnToolsVersion = 10.2.1;
					};
					F8AB677522D92AC000C9D954 = {
						CreatedOnToolsVersion = 10.2.1;
						TestTargetID = F8AB675D22D92ABD00C9D954;
					};
					F8AB678022D92AC000C9D954 = {
						CreatedOnToolsVersion = 10.2.1;
						TestTargetID = F8AB675D22D92ABD00C9D954;
					};
				};
			};
			buildConfigurationList = F8AB675922D92ABD00C9D954 /* Build configuration list for PBXProject "etchAsketch" */;
			compatibilityVersion = "Xcode 9.3";
			developmentRegion = en;
			hasScannedForEncodings = 0;
			knownRegions = (
				en,
				Base,
			);
			mainGroup = F8AB675522D92ABD00C9D954;
			productRefGroup = F8AB675F22D92ABD00C9D954 /* Products */;
			projectDirPath = "";
			projectRoot = "";
			targets = (
				F8AB675D22D92ABD00C9D954 /* etchAsketch */,
				F8AB677522D92AC000C9D954 /* etchAsketchTests */,
				F8AB678022D92AC000C9D954 /* etchAsketchUITests */,
			);
		};
/* End PBXProject section */

/* Begin PBXResourcesBuildPhase section */
		F8AB675C22D92ABD00C9D954 /* Resources */ = {
			isa = PBXResourcesBuildPhase;
			buildActionMask = 2147483647;
			files = (
				7A07827922D9F53F0046B0B5 /* CanvasViewController.xib in Resources */,
				F8AB676B22D92ABF00C9D954 /* Assets.xcassets in Resources */,
			);
			runOnlyForDeploymentPostprocessing = 0;
		};
		F8AB677422D92AC000C9D954 /* Resources */ = {
			isa = PBXResourcesBuildPhase;
			buildActionMask = 2147483647;
			files = (
			);
			runOnlyForDeploymentPostprocessing = 0;
		};
		F8AB677F22D92AC000C9D954 /* Resources */ = {
			isa = PBXResourcesBuildPhase;
			buildActionMask = 2147483647;
			files = (
			);
			runOnlyForDeploymentPostprocessing = 0;
		};
/* End PBXResourcesBuildPhase section */

/* Begin PBXSourcesBuildPhase section */
		F8AB675A22D92ABD00C9D954 /* Sources */ = {
			isa = PBXSourcesBuildPhase;
			buildActionMask = 2147483647;
			files = (
				7A07828322D9F8220046B0B5 /* CoordinatorViewController.m in Sources */,
				F8A01B5A22DA70E900775C92 /* KnobRender.m in Sources */,
				F8A01B5722DA70E900775C92 /* KnobGestureRecognizer.m in Sources */,
				F8AB679C22D9AE7000C9D954 /* PagesChildViewController.m in Sources */,
				F8AB676622D92ABD00C9D954 /* MenuViewController.m in Sources */,
				F8A01B5B22DA70E900775C92 /* KnobView.m in Sources */,
				F8A01B5822DA70E900775C92 /* Drawings.m in Sources */,
				F8A01B5922DA70E900775C92 /* DrawingData.m in Sources */,
				F8AB679522D9509400C9D954 /* GalleryViewController.m in Sources */,
				7A07828022D9F79E0046B0B5 /* PaintView.m in Sources */,
				7A07827D22D9F74E0046B0B5 /* Paint.m in Sources */,
				F8AB679F22D9AE8400C9D954 /* PagesViewController.m in Sources */,
				F8A01B3E22DA39E000775C92 /* ImagesComparator.m in Sources */,
				7A07827822D9F53F0046B0B5 /* CanvasViewController.m in Sources */,
				F8AB677122D92ABF00C9D954 /* main.m in Sources */,
				F8AB676322D92ABD00C9D954 /* AppDelegate.m in Sources */,
				F8AB679822D950CF00C9D954 /* EditViewController.m in Sources */,
			);
			runOnlyForDeploymentPostprocessing = 0;
		};
		F8AB677222D92AC000C9D954 /* Sources */ = {
			isa = PBXSourcesBuildPhase;
			buildActionMask = 2147483647;
			files = (
				F8AB677B22D92AC000C9D954 /* etchAsketchTests.m in Sources */,
			);
			runOnlyForDeploymentPostprocessing = 0;
		};
		F8AB677D22D92AC000C9D954 /* Sources */ = {
			isa = PBXSourcesBuildPhase;
			buildActionMask = 2147483647;
			files = (
				F8AB678622D92AC000C9D954 /* etchAsketchUITests.m in Sources */,
			);
			runOnlyForDeploymentPostprocessing = 0;
		};
/* End PBXSourcesBuildPhase section */

/* Begin PBXTargetDependency section */
		F8AB677822D92AC000C9D954 /* PBXTargetDependency */ = {
			isa = PBXTargetDependency;
			target = F8AB675D22D92ABD00C9D954 /* etchAsketch */;
			targetProxy = F8AB677722D92AC000C9D954 /* PBXContainerItemProxy */;
		};
		F8AB678322D92AC000C9D954 /* PBXTargetDependency */ = {
			isa = PBXTargetDependency;
			target = F8AB675D22D92ABD00C9D954 /* etchAsketch */;
			targetProxy = F8AB678222D92AC000C9D954 /* PBXContainerItemProxy */;
		};
/* End PBXTargetDependency section */

/* Begin XCBuildConfiguration section */
		F8AB678822D92AC000C9D954 /* Debug */ = {
			isa = XCBuildConfiguration;
			buildSettings = {
				ALWAYS_SEARCH_USER_PATHS = NO;
				CLANG_ANALYZER_NONNULL = YES;
				CLANG_ANALYZER_NUMBER_OBJECT_CONVERSION = YES_AGGRESSIVE;
				CLANG_CXX_LANGUAGE_STANDARD = "gnu++14";
				CLANG_CXX_LIBRARY = "libc++";
				CLANG_ENABLE_MODULES = YES;
				CLANG_ENABLE_OBJC_ARC = YES;
				CLANG_ENABLE_OBJC_WEAK = YES;
				CLANG_WARN_BLOCK_CAPTURE_AUTORELEASING = YES;
				CLANG_WARN_BOOL_CONVERSION = YES;
				CLANG_WARN_COMMA = YES;
				CLANG_WARN_CONSTANT_CONVERSION = YES;
				CLANG_WARN_DEPRECATED_OBJC_IMPLEMENTATIONS = YES;
				CLANG_WARN_DIRECT_OBJC_ISA_USAGE = YES_ERROR;
				CLANG_WARN_DOCUMENTATION_COMMENTS = YES;
				CLANG_WARN_EMPTY_BODY = YES;
				CLANG_WARN_ENUM_CONVERSION = YES;
				CLANG_WARN_INFINITE_RECURSION = YES;
				CLANG_WARN_INT_CONVERSION = YES;
				CLANG_WARN_NON_LITERAL_NULL_CONVERSION = YES;
				CLANG_WARN_OBJC_IMPLICIT_RETAIN_SELF = YES;
				CLANG_WARN_OBJC_LITERAL_CONVERSION = YES;
				CLANG_WARN_OBJC_ROOT_CLASS = YES_ERROR;
				CLANG_WARN_RANGE_LOOP_ANALYSIS = YES;
				CLANG_WARN_STRICT_PROTOTYPES = YES;
				CLANG_WARN_SUSPICIOUS_MOVE = YES;
				CLANG_WARN_UNGUARDED_AVAILABILITY = YES_AGGRESSIVE;
				CLANG_WARN_UNREACHABLE_CODE = YES;
				CLANG_WARN__DUPLICATE_METHOD_MATCH = YES;
				CODE_SIGN_IDENTITY = "iPhone Developer";
				COPY_PHASE_STRIP = NO;
				DEBUG_INFORMATION_FORMAT = dwarf;
				ENABLE_STRICT_OBJC_MSGSEND = YES;
				ENABLE_TESTABILITY = YES;
				GCC_C_LANGUAGE_STANDARD = gnu11;
				GCC_DYNAMIC_NO_PIC = NO;
				GCC_NO_COMMON_BLOCKS = YES;
				GCC_OPTIMIZATION_LEVEL = 0;
				GCC_PREPROCESSOR_DEFINITIONS = (
					"DEBUG=1",
					"$(inherited)",
				);
				GCC_WARN_64_TO_32_BIT_CONVERSION = YES;
				GCC_WARN_ABOUT_RETURN_TYPE = YES_ERROR;
				GCC_WARN_UNDECLARED_SELECTOR = YES;
				GCC_WARN_UNINITIALIZED_AUTOS = YES_AGGRESSIVE;
				GCC_WARN_UNUSED_FUNCTION = YES;
				GCC_WARN_UNUSED_VARIABLE = YES;
				IPHONEOS_DEPLOYMENT_TARGET = 12.2;
				MTL_ENABLE_DEBUG_INFO = INCLUDE_SOURCE;
				MTL_FAST_MATH = YES;
				ONLY_ACTIVE_ARCH = YES;
				SDKROOT = iphoneos;
			};
			name = Debug;
		};
		F8AB678922D92AC000C9D954 /* Release */ = {
			isa = XCBuildConfiguration;
			buildSettings = {
				ALWAYS_SEARCH_USER_PATHS = NO;
				CLANG_ANALYZER_NONNULL = YES;
				CLANG_ANALYZER_NUMBER_OBJECT_CONVERSION = YES_AGGRESSIVE;
				CLANG_CXX_LANGUAGE_STANDARD = "gnu++14";
				CLANG_CXX_LIBRARY = "libc++";
				CLANG_ENABLE_MODULES = YES;
				CLANG_ENABLE_OBJC_ARC = YES;
				CLANG_ENABLE_OBJC_WEAK = YES;
				CLANG_WARN_BLOCK_CAPTURE_AUTORELEASING = YES;
				CLANG_WARN_BOOL_CONVERSION = YES;
				CLANG_WARN_COMMA = YES;
				CLANG_WARN_CONSTANT_CONVERSION = YES;
				CLANG_WARN_DEPRECATED_OBJC_IMPLEMENTATIONS = YES;
				CLANG_WARN_DIRECT_OBJC_ISA_USAGE = YES_ERROR;
				CLANG_WARN_DOCUMENTATION_COMMENTS = YES;
				CLANG_WARN_EMPTY_BODY = YES;
				CLANG_WARN_ENUM_CONVERSION = YES;
				CLANG_WARN_INFINITE_RECURSION = YES;
				CLANG_WARN_INT_CONVERSION = YES;
				CLANG_WARN_NON_LITERAL_NULL_CONVERSION = YES;
				CLANG_WARN_OBJC_IMPLICIT_RETAIN_SELF = YES;
				CLANG_WARN_OBJC_LITERAL_CONVERSION = YES;
				CLANG_WARN_OBJC_ROOT_CLASS = YES_ERROR;
				CLANG_WARN_RANGE_LOOP_ANALYSIS = YES;
				CLANG_WARN_STRICT_PROTOTYPES = YES;
				CLANG_WARN_SUSPICIOUS_MOVE = YES;
				CLANG_WARN_UNGUARDED_AVAILABILITY = YES_AGGRESSIVE;
				CLANG_WARN_UNREACHABLE_CODE = YES;
				CLANG_WARN__DUPLICATE_METHOD_MATCH = YES;
				CODE_SIGN_IDENTITY = "iPhone Developer";
				COPY_PHASE_STRIP = NO;
				DEBUG_INFORMATION_FORMAT = "dwarf-with-dsym";
				ENABLE_NS_ASSERTIONS = NO;
				ENABLE_STRICT_OBJC_MSGSEND = YES;
				GCC_C_LANGUAGE_STANDARD = gnu11;
				GCC_NO_COMMON_BLOCKS = YES;
				GCC_WARN_64_TO_32_BIT_CONVERSION = YES;
				GCC_WARN_ABOUT_RETURN_TYPE = YES_ERROR;
				GCC_WARN_UNDECLARED_SELECTOR = YES;
				GCC_WARN_UNINITIALIZED_AUTOS = YES_AGGRESSIVE;
				GCC_WARN_UNUSED_FUNCTION = YES;
				GCC_WARN_UNUSED_VARIABLE = YES;
				IPHONEOS_DEPLOYMENT_TARGET = 12.2;
				MTL_ENABLE_DEBUG_INFO = NO;
				MTL_FAST_MATH = YES;
				SDKROOT = iphoneos;
				VALIDATE_PRODUCT = YES;
			};
			name = Release;
		};
		F8AB678B22D92AC000C9D954 /* Debug */ = {
			isa = XCBuildConfiguration;
			buildSettings = {
				ASSETCATALOG_COMPILER_APPICON_NAME = AppIcon;
				CODE_SIGN_STYLE = Automatic;
				INFOPLIST_FILE = etchAsketch/Info.plist;
				LD_RUNPATH_SEARCH_PATHS = (
					"$(inherited)",
					"@executable_path/Frameworks",
				);
				PRODUCT_BUNDLE_IDENTIFIER = com.alesia.etchAsketch;
				PRODUCT_NAME = "$(TARGET_NAME)";
				TARGETED_DEVICE_FAMILY = "1,2";
			};
			name = Debug;
		};
		F8AB678C22D92AC000C9D954 /* Release */ = {
			isa = XCBuildConfiguration;
			buildSettings = {
				ASSETCATALOG_COMPILER_APPICON_NAME = AppIcon;
				CODE_SIGN_STYLE = Automatic;
				INFOPLIST_FILE = etchAsketch/Info.plist;
				LD_RUNPATH_SEARCH_PATHS = (
					"$(inherited)",
					"@executable_path/Frameworks",
				);
				PRODUCT_BUNDLE_IDENTIFIER = com.alesia.etchAsketch;
				PRODUCT_NAME = "$(TARGET_NAME)";
				TARGETED_DEVICE_FAMILY = "1,2";
			};
			name = Release;
		};
		F8AB678E22D92AC000C9D954 /* Debug */ = {
			isa = XCBuildConfiguration;
			buildSettings = {
				BUNDLE_LOADER = "$(TEST_HOST)";
				CODE_SIGN_STYLE = Automatic;
				INFOPLIST_FILE = etchAsketchTests/Info.plist;
				LD_RUNPATH_SEARCH_PATHS = (
					"$(inherited)",
					"@executable_path/Frameworks",
					"@loader_path/Frameworks",
				);
				PRODUCT_BUNDLE_IDENTIFIER = com.alesia.etchAsketchTests;
				PRODUCT_NAME = "$(TARGET_NAME)";
				TARGETED_DEVICE_FAMILY = "1,2";
				TEST_HOST = "$(BUILT_PRODUCTS_DIR)/etchAsketch.app/etchAsketch";
			};
			name = Debug;
		};
		F8AB678F22D92AC000C9D954 /* Release */ = {
			isa = XCBuildConfiguration;
			buildSettings = {
				BUNDLE_LOADER = "$(TEST_HOST)";
				CODE_SIGN_STYLE = Automatic;
				INFOPLIST_FILE = etchAsketchTests/Info.plist;
				LD_RUNPATH_SEARCH_PATHS = (
					"$(inherited)",
					"@executable_path/Frameworks",
					"@loader_path/Frameworks",
				);
				PRODUCT_BUNDLE_IDENTIFIER = com.alesia.etchAsketchTests;
				PRODUCT_NAME = "$(TARGET_NAME)";
				TARGETED_DEVICE_FAMILY = "1,2";
				TEST_HOST = "$(BUILT_PRODUCTS_DIR)/etchAsketch.app/etchAsketch";
			};
			name = Release;
		};
		F8AB679122D92AC000C9D954 /* Debug */ = {
			isa = XCBuildConfiguration;
			buildSettings = {
				CODE_SIGN_STYLE = Automatic;
				INFOPLIST_FILE = etchAsketchUITests/Info.plist;
				LD_RUNPATH_SEARCH_PATHS = (
					"$(inherited)",
					"@executable_path/Frameworks",
					"@loader_path/Frameworks",
				);
				PRODUCT_BUNDLE_IDENTIFIER = com.alesia.etchAsketchUITests;
				PRODUCT_NAME = "$(TARGET_NAME)";
				TARGETED_DEVICE_FAMILY = "1,2";
				TEST_TARGET_NAME = etchAsketch;
			};
			name = Debug;
		};
		F8AB679222D92AC000C9D954 /* Release */ = {
			isa = XCBuildConfiguration;
			buildSettings = {
				CODE_SIGN_STYLE = Automatic;
				INFOPLIST_FILE = etchAsketchUITests/Info.plist;
				LD_RUNPATH_SEARCH_PATHS = (
					"$(inherited)",
					"@executable_path/Frameworks",
					"@loader_path/Frameworks",
				);
				PRODUCT_BUNDLE_IDENTIFIER = com.alesia.etchAsketchUITests;
				PRODUCT_NAME = "$(TARGET_NAME)";
				TARGETED_DEVICE_FAMILY = "1,2";
				TEST_TARGET_NAME = etchAsketch;
			};
			name = Release;
		};
/* End XCBuildConfiguration section */

/* Begin XCConfigurationList section */
		F8AB675922D92ABD00C9D954 /* Build configuration list for PBXProject "etchAsketch" */ = {
			isa = XCConfigurationList;
			buildConfigurations = (
				F8AB678822D92AC000C9D954 /* Debug */,
				F8AB678922D92AC000C9D954 /* Release */,
			);
			defaultConfigurationIsVisible = 0;
			defaultConfigurationName = Release;
		};
		F8AB678A22D92AC000C9D954 /* Build configuration list for PBXNativeTarget "etchAsketch" */ = {
			isa = XCConfigurationList;
			buildConfigurations = (
				F8AB678B22D92AC000C9D954 /* Debug */,
				F8AB678C22D92AC000C9D954 /* Release */,
			);
			defaultConfigurationIsVisible = 0;
			defaultConfigurationName = Release;
		};
		F8AB678D22D92AC000C9D954 /* Build configuration list for PBXNativeTarget "etchAsketchTests" */ = {
			isa = XCConfigurationList;
			buildConfigurations = (
				F8AB678E22D92AC000C9D954 /* Debug */,
				F8AB678F22D92AC000C9D954 /* Release */,
			);
			defaultConfigurationIsVisible = 0;
			defaultConfigurationName = Release;
		};
		F8AB679022D92AC000C9D954 /* Build configuration list for PBXNativeTarget "etchAsketchUITests" */ = {
			isa = XCConfigurationList;
			buildConfigurations = (
				F8AB679122D92AC000C9D954 /* Debug */,
				F8AB679222D92AC000C9D954 /* Release */,
			);
			defaultConfigurationIsVisible = 0;
			defaultConfigurationName = Release;
		};
/* End XCConfigurationList section */
	};
	rootObject = F8AB675622D92ABD00C9D954 /* Project object */;
}
